{
  "requires": true,
  "lockfileVersion": 1,
  "dependencies": {
    "@types/engine.io": {
      "version": "3.1.4",
      "resolved": "https://registry.npmjs.org/@types/engine.io/-/engine.io-3.1.4.tgz",
      "integrity": "sha512-98rXVukLD6/ozrQ2O80NAlWDGA4INg+tqsEReWJldqyi2fulC9V7Use/n28SWgROXKm6003ycWV4gZHoF8GA6w==",
      "dev": true,
      "requires": {
        "@types/node": "*"
      }
    },
    "@types/jquery": {
      "version": "3.3.38",
      "resolved": "https://registry.npmjs.org/@types/jquery/-/jquery-3.3.38.tgz",
      "integrity": "sha512-nkDvmx7x/6kDM5guu/YpXkGZ/Xj/IwGiLDdKM99YA5Vag7pjGyTJ8BNUh/6hxEn/sEu5DKtyRgnONJ7EmOoKrA==",
      "dev": true,
      "requires": {
        "@types/sizzle": "*"
      }
    },
    "@types/node": {
      "version": "14.0.13",
      "resolved": "https://registry.npmjs.org/@types/node/-/node-14.0.13.tgz",
      "integrity": "sha512-rouEWBImiRaSJsVA+ITTFM6ZxibuAlTuNOCyxVbwreu6k6+ujs7DfnU9o+PShFhET78pMBl3eH+AGSI5eOTkPA==",
      "dev": true
    },
    "@types/sizzle": {
      "version": "2.3.2",
      "resolved": "https://registry.npmjs.org/@types/sizzle/-/sizzle-2.3.2.tgz",
      "integrity": "sha512-7EJYyKTL7tFR8+gDbB6Wwz/arpGa0Mywk1TJbNzKzHtzbwVmY4HR9WqS5VV7dsBUKQmPNr192jHr/VpBluj/hg==",
      "dev": true
    },
    "@types/socket.io": {
      "version": "2.1.8",
      "resolved": "https://registry.npmjs.org/@types/socket.io/-/socket.io-2.1.8.tgz",
      "integrity": "sha512-NIQfh9WwJuJKlgmby4NgwMpoBOmNPCDgaRNPiLYZBtkbHkszK/9R52B5yGkd5a34rbVdAADuo8FhOS/5AZDemw==",
      "dev": true,
      "requires": {
        "@types/engine.io": "*",
        "@types/node": "*"
      }
    },
    "@types/tinymce": {
      "version": "4.5.24",
      "resolved": "https://registry.npmjs.org/@types/tinymce/-/tinymce-4.5.24.tgz",
      "integrity": "sha512-g2aFp+/GHTD6P2ZI2tBwZGIDi+64oocoDleCHtAWLYlFOR9fjPO+pdvmGjpJG3C7XeMZvugFx2NhRBL+Jb/wbQ==",
      "dev": true,
      "requires": {
        "@types/jquery": "*"
      }
    },
    "foundry-pc-types": {
      "version": "gitlab:foundry-projects/foundry-pc/foundry-pc-types#0b273f9137271157841c5004bc9147bad6be6bb7",
      "from": "gitlab:foundry-projects/foundry-pc/foundry-pc-types",
      "dev": true,
      "requires": {
        "@types/jquery": "^3.3.31",
        "@types/socket.io": "^2.1.4",
        "@types/tinymce": "^4.5.24"
      }
    }
  }
}
